
Microsoft Visual Studio Solution File, Format Version 12.00
# Visual Studio Version 16
VisualStudioVersion = 16.0.31129.286
MinimumVisualStudioVersion = 10.0.40219.1
Project("{FAE04EC0-301F-11D3-BF4B-00C04F79EFBC}") = "LoopPerformanceLib", "LoopPerformanceLib\LoopPerformanceLib.csproj", "{3832B18F-0410-447C-AF89-347E59571758}"
EndProject
Project("{FAE04EC0-301F-11D3-BF4B-00C04F79EFBC}") = "LoopPerformance.ConsoleApp", "LoopPerformance.ConsoleApp\LoopPerformance.ConsoleApp.csproj", "{3AE62AF5-0164-4117-8C29-E34303312806}"
EndProject
Project("{FAE04EC0-301F-11D3-BF4B-00C04F79EFBC}") = "LoopPerformance.BlazorWasm", "LoopPerformance.BlazorWasm\LoopPerformance.BlazorWasm.csproj", "{2B5DC06C-20A1-489F-B584-A070DF63ED58}"
EndProject
Global
	GlobalSection(SolutionConfigurationPlatforms) = preSolution
		Debug|Any CPU = Debug|Any CPU
		Release|Any CPU = Release|Any CPU
	EndGlobalSection
	GlobalSection(ProjectConfigurationPlatforms) = postSolution
		{3832B18F-0410-447C-AF89-347E59571758}.Debug|Any CPU.ActiveCfg = Debug|Any CPU
		{3832B18F-0410-447C-AF89-347E59571758}.Debug|Any CPU.Build.0 = Debug|Any CPU
		{3832B18F-0410-447C-AF89-347E59571758}.Release|Any CPU.ActiveCfg = Release|Any CPU
		{3832B18F-0410-447C-AF89-347E59571758}.Release|Any CPU.Build.0 = Release|Any CPU
		{3AE62AF5-0164-4117-8C29-E34303312806}.Debug|Any CPU.ActiveCfg = Debug|Any CPU
		{3AE62AF5-0164-4117-8C29-E34303312806}.Debug|Any CPU.Build.0 = Debug|Any CPU
		{3AE62AF5-0164-4117-8C29-E34303312806}.Release|Any CPU.ActiveCfg = Release|Any CPU
		{3AE62AF5-0164-4117-8C29-E34303312806}.Release|Any CPU.Build.0 = Release|Any CPU
		{2B5DC06C-20A1-489F-B584-A070DF63ED58}.Debug|Any CPU.ActiveCfg = Debug|Any CPU
		{2B5DC06C-20A1-489F-B584-A070DF63ED58}.Debug|Any CPU.Build.0 = Debug|Any CPU
		{2B5DC06C-20A1-489F-B584-A070DF63ED58}.Release|Any CPU.ActiveCfg = Release|Any CPU
		{2B5DC06C-20A1-489F-B584-A070DF63ED58}.Release|Any CPU.Build.0 = Release|Any CPU
	EndGlobalSection
	GlobalSection(SolutionProperties) = preSolution
		HideSolutionNode = FALSE
	EndGlobalSection
	GlobalSection(ExtensibilityGlobals) = postSolution
		SolutionGuid = {43C2C35B-DA46-49CE-AB73-0296D3477F4F}
	EndGlobalSection
EndGlobal
